
Microsoft Visual Studio Solution File, Format Version 12.00
# Visual Studio Version 16
VisualStudioVersion = 16.0.31624.102
MinimumVisualStudioVersion = 10.0.40219.1
Project("{FAE04EC0-301F-11D3-BF4B-00C04F79EFBC}") = "UserData", "UserData\UserData.csproj", "{8FDDD106-AE5A-4055-9836-1558D8D50772}"
EndProject
Project("{FAE04EC0-301F-11D3-BF4B-00C04F79EFBC}") = "UserAge", "Userage\UserAge.csproj", "{9B4C3244-ABDD-4DB8-B3EA-4A7405B30CDF}"
EndProject
Project("{FAE04EC0-301F-11D3-BF4B-00C04F79EFBC}") = "InstagramAgeCheck", "InstagramAgeCheck\InstagramAgeCheck.csproj", "{296672C7-72C9-4E94-AFFD-5C233E070782}"
EndProject
Project("{FAE04EC0-301F-11D3-BF4B-00C04F79EFBC}") = "DrivingLicence", "DrivingLicence\DrivingLicence.csproj", "{13D80633-4AEB-4414-9866-7750F848A205}"
EndProject
Global
	GlobalSection(SolutionConfigurationPlatforms) = preSolution
		Debug|Any CPU = Debug|Any CPU
		Release|Any CPU = Release|Any CPU
	EndGlobalSection
	GlobalSection(ProjectConfigurationPlatforms) = postSolution
		{8FDDD106-AE5A-4055-9836-1558D8D50772}.Debug|Any CPU.ActiveCfg = Debug|Any CPU
		{8FDDD106-AE5A-4055-9836-1558D8D50772}.Debug|Any CPU.Build.0 = Debug|Any CPU
		{8FDDD106-AE5A-4055-9836-1558D8D50772}.Release|Any CPU.ActiveCfg = Release|Any CPU
		{8FDDD106-AE5A-4055-9836-1558D8D50772}.Release|Any CPU.Build.0 = Release|Any CPU
		{9B4C3244-ABDD-4DB8-B3EA-4A7405B30CDF}.Debug|Any CPU.ActiveCfg = Debug|Any CPU
		{9B4C3244-ABDD-4DB8-B3EA-4A7405B30CDF}.Debug|Any CPU.Build.0 = Debug|Any CPU
		{9B4C3244-ABDD-4DB8-B3EA-4A7405B30CDF}.Release|Any CPU.ActiveCfg = Release|Any CPU
		{9B4C3244-ABDD-4DB8-B3EA-4A7405B30CDF}.Release|Any CPU.Build.0 = Release|Any CPU
		{296672C7-72C9-4E94-AFFD-5C233E070782}.Debug|Any CPU.ActiveCfg = Debug|Any CPU
		{296672C7-72C9-4E94-AFFD-5C233E070782}.Debug|Any CPU.Build.0 = Debug|Any CPU
		{296672C7-72C9-4E94-AFFD-5C233E070782}.Release|Any CPU.ActiveCfg = Release|Any CPU
		{296672C7-72C9-4E94-AFFD-5C233E070782}.Release|Any CPU.Build.0 = Release|Any CPU
		{13D80633-4AEB-4414-9866-7750F848A205}.Debug|Any CPU.ActiveCfg = Debug|Any CPU
		{13D80633-4AEB-4414-9866-7750F848A205}.Debug|Any CPU.Build.0 = Debug|Any CPU
		{13D80633-4AEB-4414-9866-7750F848A205}.Release|Any CPU.ActiveCfg = Release|Any CPU
		{13D80633-4AEB-4414-9866-7750F848A205}.Release|Any CPU.Build.0 = Release|Any CPU
	EndGlobalSection
	GlobalSection(SolutionProperties) = preSolution
		HideSolutionNode = FALSE
	EndGlobalSection
	GlobalSection(ExtensibilityGlobals) = postSolution
		SolutionGuid = {1A5DC3D9-26E8-4427-AC97-A81611CB0001}
	EndGlobalSection
EndGlobal
